
Microsoft Visual Studio Solution File, Format Version 12.00
# Visual Studio Version 17
VisualStudioVersion = 17.0.31903.59
MinimumVisualStudioVersion = 10.0.40219.1
Project("{2150E333-8FDC-42A3-9474-1A3956D46DE8}") = "core", "core", "{FBF56CC3-7AE6-AD2D-3F14-7F97FD322CD6}"
EndProject
Project("{FAE04EC0-301F-11D3-BF4B-00C04F79EFBC}") = "DesktopAgent.Core", "core\DesktopAgent.Core\DesktopAgent.Core.csproj", "{4BF252F1-7608-48D9-8EC8-FA8153D876D5}"
EndProject
Project("{FAE04EC0-301F-11D3-BF4B-00C04F79EFBC}") = "DesktopAgent.Cli", "core\DesktopAgent.Cli\DesktopAgent.Cli.csproj", "{8DC65A16-EC0F-4FEE-AA5C-2F110C9AC19B}"
EndProject
Project("{FAE04EC0-301F-11D3-BF4B-00C04F79EFBC}") = "DesktopAgent.Tests", "core\DesktopAgent.Tests\DesktopAgent.Tests.csproj", "{6A0E312F-C6AB-41C4-B1FC-1F1EFB8180CF}"
EndProject
Project("{2150E333-8FDC-42A3-9474-1A3956D46DE8}") = "adapters", "adapters", "{09DF2EE5-5FE7-3EC7-59CB-CAD7E0928979}"
EndProject
Project("{2150E333-8FDC-42A3-9474-1A3956D46DE8}") = "windows", "windows", "{FF3464C6-F797-4DF0-703C-902A89A26827}"
EndProject
Project("{FAE04EC0-301F-11D3-BF4B-00C04F79EFBC}") = "DesktopAgent.Adapter.Windows", "adapters\windows\DesktopAgent.Adapter.Windows\DesktopAgent.Adapter.Windows.csproj", "{2B0A9939-DC37-4800-856A-6C297870B878}"
EndProject
Project("{FAE04EC0-301F-11D3-BF4B-00C04F79EFBC}") = "DesktopAgent.Tray", "core\DesktopAgent.Tray\DesktopAgent.Tray.csproj", "{25D79B59-3B69-4835-99A5-5018B1F9CB49}"
EndProject
Global
	GlobalSection(SolutionConfigurationPlatforms) = preSolution
		Debug|Any CPU = Debug|Any CPU
		Debug|x64 = Debug|x64
		Debug|x86 = Debug|x86
		Release|Any CPU = Release|Any CPU
		Release|x64 = Release|x64
		Release|x86 = Release|x86
	EndGlobalSection
	GlobalSection(ProjectConfigurationPlatforms) = postSolution
		{4BF252F1-7608-48D9-8EC8-FA8153D876D5}.Debug|Any CPU.ActiveCfg = Debug|Any CPU
		{4BF252F1-7608-48D9-8EC8-FA8153D876D5}.Debug|Any CPU.Build.0 = Debug|Any CPU
		{4BF252F1-7608-48D9-8EC8-FA8153D876D5}.Debug|x64.ActiveCfg = Debug|Any CPU
		{4BF252F1-7608-48D9-8EC8-FA8153D876D5}.Debug|x64.Build.0 = Debug|Any CPU
		{4BF252F1-7608-48D9-8EC8-FA8153D876D5}.Debug|x86.ActiveCfg = Debug|Any CPU
		{4BF252F1-7608-48D9-8EC8-FA8153D876D5}.Debug|x86.Build.0 = Debug|Any CPU
		{4BF252F1-7608-48D9-8EC8-FA8153D876D5}.Release|Any CPU.ActiveCfg = Release|Any CPU
		{4BF252F1-7608-48D9-8EC8-FA8153D876D5}.Release|Any CPU.Build.0 = Release|Any CPU
		{4BF252F1-7608-48D9-8EC8-FA8153D876D5}.Release|x64.ActiveCfg = Release|Any CPU
		{4BF252F1-7608-48D9-8EC8-FA8153D876D5}.Release|x64.Build.0 = Release|Any CPU
		{4BF252F1-7608-48D9-8EC8-FA8153D876D5}.Release|x86.ActiveCfg = Release|Any CPU
		{4BF252F1-7608-48D9-8EC8-FA8153D876D5}.Release|x86.Build.0 = Release|Any CPU
		{8DC65A16-EC0F-4FEE-AA5C-2F110C9AC19B}.Debug|Any CPU.ActiveCfg = Debug|Any CPU
		{8DC65A16-EC0F-4FEE-AA5C-2F110C9AC19B}.Debug|Any CPU.Build.0 = Debug|Any CPU
		{8DC65A16-EC0F-4FEE-AA5C-2F110C9AC19B}.Debug|x64.ActiveCfg = Debug|Any CPU
		{8DC65A16-EC0F-4FEE-AA5C-2F110C9AC19B}.Debug|x64.Build.0 = Debug|Any CPU
		{8DC65A16-EC0F-4FEE-AA5C-2F110C9AC19B}.Debug|x86.ActiveCfg = Debug|Any CPU
		{8DC65A16-EC0F-4FEE-AA5C-2F110C9AC19B}.Debug|x86.Build.0 = Debug|Any CPU
		{8DC65A16-EC0F-4FEE-AA5C-2F110C9AC19B}.Release|Any CPU.ActiveCfg = Release|Any CPU
		{8DC65A16-EC0F-4FEE-AA5C-2F110C9AC19B}.Release|Any CPU.Build.0 = Release|Any CPU
		{8DC65A16-EC0F-4FEE-AA5C-2F110C9AC19B}.Release|x64.ActiveCfg = Release|Any CPU
		{8DC65A16-EC0F-4FEE-AA5C-2F110C9AC19B}.Release|x64.Build.0 = Release|Any CPU
		{8DC65A16-EC0F-4FEE-AA5C-2F110C9AC19B}.Release|x86.ActiveCfg = Release|Any CPU
		{8DC65A16-EC0F-4FEE-AA5C-2F110C9AC19B}.Release|x86.Build.0 = Release|Any CPU
		{6A0E312F-C6AB-41C4-B1FC-1F1EFB8180CF}.Debug|Any CPU.ActiveCfg = Debug|Any CPU
		{6A0E312F-C6AB-41C4-B1FC-1F1EFB8180CF}.Debug|Any CPU.Build.0 = Debug|Any CPU
		{6A0E312F-C6AB-41C4-B1FC-1F1EFB8180CF}.Debug|x64.ActiveCfg = Debug|Any CPU
		{6A0E312F-C6AB-41C4-B1FC-1F1EFB8180CF}.Debug|x64.Build.0 = Debug|Any CPU
		{6A0E312F-C6AB-41C4-B1FC-1F1EFB8180CF}.Debug|x86.ActiveCfg = Debug|Any CPU
		{6A0E312F-C6AB-41C4-B1FC-1F1EFB8180CF}.Debug|x86.Build.0 = Debug|Any CPU
		{6A0E312F-C6AB-41C4-B1FC-1F1EFB8180CF}.Release|Any CPU.ActiveCfg = Release|Any CPU
		{6A0E312F-C6AB-41C4-B1FC-1F1EFB8180CF}.Release|Any CPU.Build.0 = Release|Any CPU
		{6A0E312F-C6AB-41C4-B1FC-1F1EFB8180CF}.Release|x64.ActiveCfg = Release|Any CPU
		{6A0E312F-C6AB-41C4-B1FC-1F1EFB8180CF}.Release|x64.Build.0 = Release|Any CPU
		{6A0E312F-C6AB-41C4-B1FC-1F1EFB8180CF}.Release|x86.ActiveCfg = Release|Any CPU
		{6A0E312F-C6AB-41C4-B1FC-1F1EFB8180CF}.Release|x86.Build.0 = Release|Any CPU
		{2B0A9939-DC37-4800-856A-6C297870B878}.Debug|Any CPU.ActiveCfg = Debug|Any CPU
		{2B0A9939-DC37-4800-856A-6C297870B878}.Debug|Any CPU.Build.0 = Debug|Any CPU
		{2B0A9939-DC37-4800-856A-6C297870B878}.Debug|x64.ActiveCfg = Debug|Any CPU
		{2B0A9939-DC37-4800-856A-6C297870B878}.Debug|x64.Build.0 = Debug|Any CPU
		{2B0A9939-DC37-4800-856A-6C297870B878}.Debug|x86.ActiveCfg = Debug|Any CPU
		{2B0A9939-DC37-4800-856A-6C297870B878}.Debug|x86.Build.0 = Debug|Any CPU
		{2B0A9939-DC37-4800-856A-6C297870B878}.Release|Any CPU.ActiveCfg = Release|Any CPU
		{2B0A9939-DC37-4800-856A-6C297870B878}.Release|Any CPU.Build.0 = Release|Any CPU
		{2B0A9939-DC37-4800-856A-6C297870B878}.Release|x64.ActiveCfg = Release|Any CPU
		{2B0A9939-DC37-4800-856A-6C297870B878}.Release|x64.Build.0 = Release|Any CPU
		{2B0A9939-DC37-4800-856A-6C297870B878}.Release|x86.ActiveCfg = Release|Any CPU
		{2B0A9939-DC37-4800-856A-6C297870B878}.Release|x86.Build.0 = Release|Any CPU
		{25D79B59-3B69-4835-99A5-5018B1F9CB49}.Debug|Any CPU.ActiveCfg = Debug|Any CPU
		{25D79B59-3B69-4835-99A5-5018B1F9CB49}.Debug|Any CPU.Build.0 = Debug|Any CPU
		{25D79B59-3B69-4835-99A5-5018B1F9CB49}.Debug|x64.ActiveCfg = Debug|Any CPU
		{25D79B59-3B69-4835-99A5-5018B1F9CB49}.Debug|x64.Build.0 = Debug|Any CPU
		{25D79B59-3B69-4835-99A5-5018B1F9CB49}.Debug|x86.ActiveCfg = Debug|Any CPU
		{25D79B59-3B69-4835-99A5-5018B1F9CB49}.Debug|x86.Build.0 = Debug|Any CPU
		{25D79B59-3B69-4835-99A5-5018B1F9CB49}.Release|Any CPU.ActiveCfg = Release|Any CPU
		{25D79B59-3B69-4835-99A5-5018B1F9CB49}.Release|Any CPU.Build.0 = Release|Any CPU
		{25D79B59-3B69-4835-99A5-5018B1F9CB49}.Release|x64.ActiveCfg = Release|Any CPU
		{25D79B59-3B69-4835-99A5-5018B1F9CB49}.Release|x64.Build.0 = Release|Any CPU
		{25D79B59-3B69-4835-99A5-5018B1F9CB49}.Release|x86.ActiveCfg = Release|Any CPU
		{25D79B59-3B69-4835-99A5-5018B1F9CB49}.Release|x86.Build.0 = Release|Any CPU
	EndGlobalSection
	GlobalSection(SolutionProperties) = preSolution
		HideSolutionNode = FALSE
	EndGlobalSection
	GlobalSection(NestedProjects) = preSolution
		{4BF252F1-7608-48D9-8EC8-FA8153D876D5} = {FBF56CC3-7AE6-AD2D-3F14-7F97FD322CD6}
		{8DC65A16-EC0F-4FEE-AA5C-2F110C9AC19B} = {FBF56CC3-7AE6-AD2D-3F14-7F97FD322CD6}
		{6A0E312F-C6AB-41C4-B1FC-1F1EFB8180CF} = {FBF56CC3-7AE6-AD2D-3F14-7F97FD322CD6}
		{FF3464C6-F797-4DF0-703C-902A89A26827} = {09DF2EE5-5FE7-3EC7-59CB-CAD7E0928979}
		{2B0A9939-DC37-4800-856A-6C297870B878} = {FF3464C6-F797-4DF0-703C-902A89A26827}
		{25D79B59-3B69-4835-99A5-5018B1F9CB49} = {FBF56CC3-7AE6-AD2D-3F14-7F97FD322CD6}
	EndGlobalSection
EndGlobal
